{
  "name": "fde-ai-solution-accelerator",
  "version": "0.1.0",
  "lockfileVersion": 3,
  "requires": true,
  "packages": {
    "": {
      "name": "fde-ai-solution-accelerator",
      "version": "0.1.0",
      "workspaces": [
        "apps/web"
      ],
      "engines": {
        "node": ">=22",
        "npm": ">=10"
      }
    },
    "apps/web": {
      "name": "fde-accelerator-web",
      "version": "0.1.0"
    },
    "node_modules/fde-accelerator-web": {
      "resolved": "apps/web",
      "link": true
    }
  }
}
